
Microsoft Visual Studio Solution File, Format Version 12.00
# Visual Studio 14
VisualStudioVersion = 14.0.23107.0
MinimumVisualStudioVersion = 10.0.40219.1
Project("{FAE04EC0-301F-11D3-BF4B-00C04F79EFBC}") = "ConsoleApplication2", "ConsoleApplication2\ConsoleApplication2.csproj", "{672AFF1B-B271-4F6A-906E-A0DC71F9D823}"
EndProject
Project("{FAE04EC0-301F-11D3-BF4B-00C04F79EFBC}") = "ConsoleApplication1", "ConsoleApplication1\ConsoleApplication1.csproj", "{118C40B9-3160-4CE0-9A27-1F13E574DF32}"
EndProject
Project("{FAE04EC0-301F-11D3-BF4B-00C04F79EFBC}") = "ConsoleApplication3", "ConsoleApplication3\ConsoleApplication3.csproj", "{E8D5E9FC-A1C3-4301-996B-0FF617DBC450}"
EndProject
Global
	GlobalSection(SolutionConfigurationPlatforms) = preSolution
		Debug|Any CPU = Debug|Any CPU
		Release|Any CPU = Release|Any CPU
	EndGlobalSection
	GlobalSection(ProjectConfigurationPlatforms) = postSolution
		{672AFF1B-B271-4F6A-906E-A0DC71F9D823}.Debug|Any CPU.ActiveCfg = Debug|Any CPU
		{672AFF1B-B271-4F6A-906E-A0DC71F9D823}.Debug|Any CPU.Build.0 = Debug|Any CPU
		{672AFF1B-B271-4F6A-906E-A0DC71F9D823}.Release|Any CPU.ActiveCfg = Release|Any CPU
		{672AFF1B-B271-4F6A-906E-A0DC71F9D823}.Release|Any CPU.Build.0 = Release|Any CPU
		{118C40B9-3160-4CE0-9A27-1F13E574DF32}.Debug|Any CPU.ActiveCfg = Debug|Any CPU
		{118C40B9-3160-4CE0-9A27-1F13E574DF32}.Debug|Any CPU.Build.0 = Debug|Any CPU
		{118C40B9-3160-4CE0-9A27-1F13E574DF32}.Release|Any CPU.ActiveCfg = Release|Any CPU
		{118C40B9-3160-4CE0-9A27-1F13E574DF32}.Release|Any CPU.Build.0 = Release|Any CPU
		{E8D5E9FC-A1C3-4301-996B-0FF617DBC450}.Debug|Any CPU.ActiveCfg = Debug|Any CPU
		{E8D5E9FC-A1C3-4301-996B-0FF617DBC450}.Debug|Any CPU.Build.0 = Debug|Any CPU
		{E8D5E9FC-A1C3-4301-996B-0FF617DBC450}.Release|Any CPU.ActiveCfg = Release|Any CPU
		{E8D5E9FC-A1C3-4301-996B-0FF617DBC450}.Release|Any CPU.Build.0 = Release|Any CPU
	EndGlobalSection
	GlobalSection(SolutionProperties) = preSolution
		HideSolutionNode = FALSE
	EndGlobalSection
EndGlobal
